github.com/ardanlabs/gotraining v0.0.0-20220908165803-a791752cda4e h1:ctWGtUFMZWai1AqMZT/WuTR3r5U294bKjAm+0ywPBrw=
github.com/ardanlabs/gotraining v0.0.0-20220908165803-a791752cda4e/go.mod h1:uyligBvXgIRh1z8imUYgj5HeLMwbgAr2UcJG8OFf/WQ=
github.com/braintree/manners v0.0.0-20160418043613-82a8879fc5fd h1:ePesaBzdTmoMQjwqRCLP2jY+jjWMBpwws/LEQdt1fMM=
github.com/braintree/manners v0.0.0-20160418043613-82a8879fc5fd/go.mod h1:TNehV1AhBwtT7Bd+rh8G6MoGDbBLNs/sKdk3nvr4Yzg=
github.com/google/uuid v1.0.0/go.mod h1:TIyPZe4MgqvfeYDBFedMoGGpEw/LqOeaOT+nhxU+yHo=
github.com/google/uuid v1.3.0 h1:t6JiXgmwXMjEs8VusXIJk2BXHsn+wx8BZdTaoZ5fu7I=
github.com/google/uuid v1.3.0/go.mod h1:TIyPZe4MgqvfeYDBFedMoGGpEw/LqOeaOT+nhxU+yHo=
github.com/matryer/is v1.4.0 h1:sosSmIWwkYITGrxZ25ULNDeKiMNzFSr4V/eqBQP0PeE=
github.com/matryer/is v1.4.0/go.mod h1:8I/i5uYgLzgsgEloJE1U6xx5HkBQpAZvepWuujKwMRU=
github.com/patrickmn/go-cache v2.1.0+incompatible h1:HRMgzkcYKYpi3C8ajMPV8OFXaaRUnok+kx1WdO15EQc=
github.com/patrickmn/go-cache v2.1.0+incompatible/go.mod h1:3Qf8kWWT7OJRJbdiICTKqZju1ZixQ/KpMGzzAfe6+WQ=
github.com/pborman/uuid v1.2.1 h1:+ZZIw58t/ozdjRaXh/3awHfmWRbzYxJoAdNJxe/3pvw=
github.com/pborman/uuid v1.2.1/go.mod h1:X/NO0urCmaxf9VXbdlT7C2Yzkj2IKimNn4k+gtPdI/k=
